
Microsoft Visual Studio Solution File, Format Version 12.00
# Visual Studio Version 17
VisualStudioVersion = 17.0.31903.59
MinimumVisualStudioVersion = 10.0.40219.1
Project("{FAE04EC0-301F-11D3-BF4B-00C04F79EFBC}") = "Gurko.Api", "Gurko.api\Gurko.Api.csproj", "{A63472DC-4702-4923-9322-CFC680E21BD6}"
EndProject
Project("{FAE04EC0-301F-11D3-BF4B-00C04F79EFBC}") = "Gurko.Test", "Gurko.Test\Gurko.Test.csproj", "{3B787DD4-508A-4B31-9DE7-A3B82AE45D61}"
EndProject
Global
	GlobalSection(SolutionConfigurationPlatforms) = preSolution
		Debug|Any CPU = Debug|Any CPU
		Release|Any CPU = Release|Any CPU
	EndGlobalSection
	GlobalSection(SolutionProperties) = preSolution
		HideSolutionNode = FALSE
	EndGlobalSection
	GlobalSection(ProjectConfigurationPlatforms) = postSolution
		{A63472DC-4702-4923-9322-CFC680E21BD6}.Debug|Any CPU.ActiveCfg = Debug|Any CPU
		{A63472DC-4702-4923-9322-CFC680E21BD6}.Debug|Any CPU.Build.0 = Debug|Any CPU
		{A63472DC-4702-4923-9322-CFC680E21BD6}.Release|Any CPU.ActiveCfg = Release|Any CPU
		{A63472DC-4702-4923-9322-CFC680E21BD6}.Release|Any CPU.Build.0 = Release|Any CPU
		{3B787DD4-508A-4B31-9DE7-A3B82AE45D61}.Debug|Any CPU.ActiveCfg = Debug|Any CPU
		{3B787DD4-508A-4B31-9DE7-A3B82AE45D61}.Debug|Any CPU.Build.0 = Debug|Any CPU
		{3B787DD4-508A-4B31-9DE7-A3B82AE45D61}.Release|Any CPU.ActiveCfg = Release|Any CPU
		{3B787DD4-508A-4B31-9DE7-A3B82AE45D61}.Release|Any CPU.Build.0 = Release|Any CPU
	EndGlobalSection
EndGlobal
